
Microsoft Visual Studio Solution File, Format Version 11.00
# Visual Studio 2010
Project("{FAE04EC0-301F-11D3-BF4B-00C04F79EFBC}") = "Assembly-CSharp", "Assembly-CSharp.csproj", "{621be271-f97d-d8d8-7108-d8d02fd021af}"
EndProject
Project("{FAE04EC0-301F-11D3-BF4B-00C04F79EFBC}") = "Assembly-CSharp-Editor", "Assembly-CSharp-Editor.csproj", "{5aa7c810-cced-0e68-f197-581a6ab58e3d}"
EndProject
Global
	GlobalSection(SolutionConfigurationPlatforms) = preSolution
		Debug|Any CPU = Debug|Any CPU
	EndGlobalSection
	GlobalSection(ProjectConfigurationPlatforms) = postSolution
		{621be271-f97d-d8d8-7108-d8d02fd021af}.Debug|Any CPU.ActiveCfg = Debug|Any CPU
		{621be271-f97d-d8d8-7108-d8d02fd021af}.Debug|Any CPU.Build.0 = Debug|Any CPU
		{5aa7c810-cced-0e68-f197-581a6ab58e3d}.Debug|Any CPU.ActiveCfg = Debug|Any CPU
		{5aa7c810-cced-0e68-f197-581a6ab58e3d}.Debug|Any CPU.Build.0 = Debug|Any CPU
	EndGlobalSection
	GlobalSection(SolutionProperties) = preSolution
		HideSolutionNode = FALSE
	EndGlobalSection
EndGlobal
